// !$*UTF8*$!
{
	archiveVersion = 1;
	classes = {
	};
	objectVersion = 46;
	objects = {

/* Begin PBXFileReference section */
		D12384C4171F379A00BE66F3 /* clock.css */ = {isa = PBXFileReference; lastKnownFileType = text.css; path = clock.css; sourceTree = "<group>"; };
		D12384C5171F379A00BE66F3 /* map.png */ = {isa = PBXFileReference; lastKnownFileType = image.png; path = map.png; sourceTree = "<group>"; };
		D12384C6171F379A00BE66F3 /* rotary.js */ = {isa = PBXFileReference; lastKnownFileType = sourcecode.javascript; path = rotary.js; sourceTree = "<group>"; };
		D12384C7171F379A00BE66F3 /* script.js */ = {isa = PBXFileReference; lastKnownFileType = sourcecode.javascript; path = script.js; sourceTree = "<group>"; };
		D12384C8171F379A00BE66F3 /* time.html */ = {isa = PBXFileReference; lastKnownFileType = text.html; name = time.html; path = clock/time.html; sourceTree = SOURCE_ROOT; };
		D12384CA171F379A00BE66F3 /* ANGLES.8xp */ = {isa = PBXFileReference; lastKnownFileType = file; path = ANGLES.8xp; sourceTree = "<group>"; };
		D12384CB171F379A00BE66F3 /* BINCONV.8xp */ = {isa = PBXFileReference; lastKnownFileType = file; path = BINCONV.8xp; sourceTree = "<group>"; };
		D12384CC171F379A00BE66F3 /* BTRIG.8xp */ = {isa = PBXFileReference; lastKnownFileType = file; path = BTRIG.8xp; sourceTree = "<group>"; };
		D12384CD171F379A00BE66F3 /* COTES.8xp */ = {isa = PBXFileReference; lastKnownFileType = file; path = COTES.8xp; sourceTree = "<group>"; };
		D12384CE171F379A00BE66F3 /* DATECONV.8xp */ = {isa = PBXFileReference; lastKnownFileType = file; path = DATECONV.8xp; sourceTree = "<group>"; };
		D12384CF171F379A00BE66F3 /* downloads.css */ = {isa = PBXFileReference; lastKnownFileType = text.css; path = downloads.css; sourceTree = "<group>"; };
		D12384D0171F379A00BE66F3 /* downloads.html */ = {isa = PBXFileReference; lastKnownFileType = text.html; path = downloads.html; sourceTree = "<group>"; };
		D12384D1171F379A00BE66F3 /* FACTORS.8xp */ = {isa = PBXFileReference; lastKnownFileType = file; path = FACTORS.8xp; sourceTree = "<group>"; };
		D12384D2171F379A00BE66F3 /* FACTRIAL.8xp */ = {isa = PBXFileReference; lastKnownFileType = file; path = FACTRIAL.8xp; sourceTree = "<group>"; };
		D12384D3171F379A00BE66F3 /* FACTRNEG.8xp */ = {isa = PBXFileReference; lastKnownFileType = file; path = FACTRNEG.8xp; sourceTree = "<group>"; };
		D12384D4171F379A00BE66F3 /* FORMQUAD.8xp */ = {isa = PBXFileReference; lastKnownFileType = file; path = FORMQUAD.8xp; sourceTree = "<group>"; };
		D12384D5171F379A00BE66F3 /* GETKEY.8xp */ = {isa = PBXFileReference; lastKnownFileType = file; path = GETKEY.8xp; sourceTree = "<group>"; };
		D12384D6171F379A00BE66F3 /* ID.8xp */ = {isa = PBXFileReference; lastKnownFileType = file; path = ID.8xp; sourceTree = "<group>"; };
		D12384D7171F379A00BE66F3 /* INTERSEC.8xp */ = {isa = PBXFileReference; lastKnownFileType = file; path = INTERSEC.8xp; sourceTree = "<group>"; };
		D12384D8171F379A00BE66F3 /* ISOTRIG.8xp */ = {isa = PBXFileReference; lastKnownFileType = file; path = ISOTRIG.8xp; sourceTree = "<group>"; };
		D12384DA171F379A00BE66F3 /* MFQT.8xp */ = {isa = PBXFileReference; lastKnownFileType = file; path = MFQT.8xp; sourceTree = "<group>"; };
		D12384DB171F379A00BE66F3 /* MIXRAD.8xp */ = {isa = PBXFileReference; lastKnownFileType = file; path = MIXRAD.8xp; sourceTree = "<group>"; };
		D12384DC171F379A00BE66F3 /* MIXRADFR.8xp */ = {isa = PBXFileReference; lastKnownFileType = file; path = MIXRADFR.8xp; sourceTree = "<group>"; };
		D12384DD171F379A00BE66F3 /* MULTIPLE.8xp */ = {isa = PBXFileReference; lastKnownFileType = file; path = MULTIPLE.8xp; sourceTree = "<group>"; };
		D12384DE171F379A00BE66F3 /* ORDDATE.8xp */ = {isa = PBXFileReference; lastKnownFileType = file; path = ORDDATE.8xp; sourceTree = "<group>"; };
		D12384DF171F379A00BE66F3 /* PRIMEFAC.8xp */ = {isa = PBXFileReference; lastKnownFileType = file; path = PRIMEFAC.8xp; sourceTree = "<group>"; };
		D12384E0171F379A00BE66F3 /* PRIMFIND.8xp */ = {isa = PBXFileReference; lastKnownFileType = file; path = PRIMFIND.8xp; sourceTree = "<group>"; };
		D12384E1171F379A00BE66F3 /* QUADCONV.8xp */ = {isa = PBXFileReference; lastKnownFileType = file; path = QUADCONV.8xp; sourceTree = "<group>"; };
		D12384E2171F379A00BE66F3 /* SIDES.8xp */ = {isa = PBXFileReference; lastKnownFileType = file; path = SIDES.8xp; sourceTree = "<group>"; };
		D12384E3171F379A00BE66F3 /* Tauran's time.zip */ = {isa = PBXFileReference; lastKnownFileType = archive.zip; path = "Tauran's time.zip"; sourceTree = "<group>"; };
		D12384E4171F379A00BE66F3 /* time.8xp */ = {isa = PBXFileReference; lastKnownFileType = file; path = time.8xp; sourceTree = "<group>"; };
		D12384E5171F379A00BE66F3 /* TMCONV.8xp */ = {isa = PBXFileReference; lastKnownFileType = file; path = TMCONV.8xp; sourceTree = "<group>"; };
		D12384E6171F379A00BE66F3 /* U.8xp */ = {isa = PBXFileReference; lastKnownFileType = file; path = U.8xp; sourceTree = "<group>"; };
		D12384E7171F379A00BE66F3 /* Update.zip */ = {isa = PBXFileReference; lastKnownFileType = archive.zip; path = Update.zip; sourceTree = "<group>"; };
		D12384E8171F379A00BE66F3 /* DS-DIGI.TTF */ = {isa = PBXFileReference; lastKnownFileType = file; path = "DS-DIGI.TTF"; sourceTree = "<group>"; };
		D12384EA171F379A00BE66F3 /* index.html */ = {isa = PBXFileReference; lastKnownFileType = text.html; path = index.html; sourceTree = "<group>"; };
		D12384EB171F379A00BE66F3 /* jquery.js */ = {isa = PBXFileReference; lastKnownFileType = sourcecode.javascript; path = jquery.js; sourceTree = "<group>"; };
		D12384ED171F379A00BE66F3 /* info.html */ = {isa = PBXFileReference; lastKnownFileType = text.html; path = info.html; sourceTree = "<group>"; };
		D12384EE171F379A00BE66F3 /* Logo.svg */ = {isa = PBXFileReference; lastKnownFileType = text.xml; path = Logo.svg; sourceTree = "<group>"; };
		D12384EF171F379A00BE66F3 /* style.css */ = {isa = PBXFileReference; lastKnownFileType = text.css; path = style.css; sourceTree = "<group>"; };
		D12384F3171F379A00BE66F3 /* resize.js */ = {isa = PBXFileReference; lastKnownFileType = sourcecode.javascript; path = resize.js; sourceTree = "<group>"; };
		D12384F4171F379A00BE66F3 /* roll.js */ = {isa = PBXFileReference; lastKnownFileType = sourcecode.javascript; path = roll.js; sourceTree = "<group>"; };
		D12384F6171F379A00BE66F3 /* cameron.html */ = {isa = PBXFileReference; lastKnownFileType = text.html; path = cameron.html; sourceTree = "<group>"; };
		D12384F7171F379A00BE66F3 /* city.html */ = {isa = PBXFileReference; lastKnownFileType = text.html; path = city.html; sourceTree = "<group>"; };
		D12384F8171F379A00BE66F3 /* Copy of server.html */ = {isa = PBXFileReference; lastKnownFileType = text.html; path = "Copy of server.html"; sourceTree = "<group>"; };
		D12384F9171F379A00BE66F3 /* north.html */ = {isa = PBXFileReference; lastKnownFileType = text.html; path = north.html; sourceTree = "<group>"; };
		D12384FA171F379A00BE66F3 /* rules.css */ = {isa = PBXFileReference; lastKnownFileType = text.css; path = rules.css; sourceTree = "<group>"; };
		D12384FB171F379A00BE66F3 /* server.html */ = {isa = PBXFileReference; lastKnownFileType = text.html; path = server.html; sourceTree = "<group>"; };
		D12384FC171F379A00BE66F3 /* south.html */ = {isa = PBXFileReference; lastKnownFileType = text.html; path = south.html; sourceTree = "<group>"; };
		D12384FD171F379A00BE66F3 /* style.css */ = {isa = PBXFileReference; lastKnownFileType = text.css; path = style.css; sourceTree = "<group>"; };
		D151FF8B17FBEA5C00A344EA /* POLYDIV.8xp */ = {isa = PBXFileReference; lastKnownFileType = file; path = POLYDIV.8xp; sourceTree = "<group>"; };
		D1D3BD4217CE79B000E6FEA2 /* mdtime-3_0_0.tar.gzip */ = {isa = PBXFileReference; lastKnownFileType = file; path = "mdtime-3_0_0.tar.gzip"; sourceTree = "<group>"; };
/* End PBXFileReference section */

/* Begin PBXGroup section */
		D12384BC171F341700BE66F3 = {
			isa = PBXGroup;
			children = (
				D12384C3171F379A00BE66F3 /* clock */,
				D12384C9171F379A00BE66F3 /* Downloads */,
				D12384E8171F379A00BE66F3 /* DS-DIGI.TTF */,
				D12384EA171F379A00BE66F3 /* index.html */,
				D12384EB171F379A00BE66F3 /* jquery.js */,
				D12384EC171F379A00BE66F3 /* more_info */,
				D12384F3171F379A00BE66F3 /* resize.js */,
				D12384F4171F379A00BE66F3 /* roll.js */,
				D12384F5171F379A00BE66F3 /* rules */,
				D12384FD171F379A00BE66F3 /* style.css */,
			);
			sourceTree = "<group>";
		};
		D12384C3171F379A00BE66F3 /* clock */ = {
			isa = PBXGroup;
			children = (
				D12384C4171F379A00BE66F3 /* clock.css */,
				D12384C5171F379A00BE66F3 /* map.png */,
				D12384C6171F379A00BE66F3 /* rotary.js */,
				D12384C7171F379A00BE66F3 /* script.js */,
				D12384C8171F379A00BE66F3 /* time.html */,
			);
			path = clock;
			sourceTree = "<group>";
		};
		D12384C9171F379A00BE66F3 /* Downloads */ = {
			isa = PBXGroup;
			children = (
				D12384CA171F379A00BE66F3 /* ANGLES.8xp */,
				D12384CB171F379A00BE66F3 /* BINCONV.8xp */,
				D12384CC171F379A00BE66F3 /* BTRIG.8xp */,
				D12384CD171F379A00BE66F3 /* COTES.8xp */,
				D12384CE171F379A00BE66F3 /* DATECONV.8xp */,
				D12384CF171F379A00BE66F3 /* downloads.css */,
				D12384D0171F379A00BE66F3 /* downloads.html */,
				D12384D1171F379A00BE66F3 /* FACTORS.8xp */,
				D12384D2171F379A00BE66F3 /* FACTRIAL.8xp */,
				D12384D3171F379A00BE66F3 /* FACTRNEG.8xp */,
				D12384D4171F379A00BE66F3 /* FORMQUAD.8xp */,
				D12384D5171F379A00BE66F3 /* GETKEY.8xp */,
				D12384D6171F379A00BE66F3 /* ID.8xp */,
				D12384D7171F379A00BE66F3 /* INTERSEC.8xp */,
				D12384D8171F379A00BE66F3 /* ISOTRIG.8xp */,
				D1D3BD4217CE79B000E6FEA2 /* mdtime-3_0_0.tar.gzip */,
				D12384DA171F379A00BE66F3 /* MFQT.8xp */,
				D12384DB171F379A00BE66F3 /* MIXRAD.8xp */,
				D12384DC171F379A00BE66F3 /* MIXRADFR.8xp */,
				D12384DD171F379A00BE66F3 /* MULTIPLE.8xp */,
				D12384DE171F379A00BE66F3 /* ORDDATE.8xp */,
				D151FF8B17FBEA5C00A344EA /* POLYDIV.8xp */,
				D12384DF171F379A00BE66F3 /* PRIMEFAC.8xp */,
				D12384E0171F379A00BE66F3 /* PRIMFIND.8xp */,
				D12384E1171F379A00BE66F3 /* QUADCONV.8xp */,
				D12384E2171F379A00BE66F3 /* SIDES.8xp */,
				D12384E3171F379A00BE66F3 /* Tauran's time.zip */,
				D12384E4171F379A00BE66F3 /* time.8xp */,
				D12384E5171F379A00BE66F3 /* TMCONV.8xp */,
				D12384E6171F379A00BE66F3 /* U.8xp */,
				D12384E7171F379A00BE66F3 /* Update.zip */,
			);
			path = Downloads;
			sourceTree = "<group>";
		};
		D12384EC171F379A00BE66F3 /* more_info */ = {
			isa = PBXGroup;
			children = (
				D12384ED171F379A00BE66F3 /* info.html */,
				D12384EE171F379A00BE66F3 /* Logo.svg */,
				D12384EF171F379A00BE66F3 /* style.css */,
			);
			path = more_info;
			sourceTree = "<group>";
		};
		D12384F5171F379A00BE66F3 /* rules */ = {
			isa = PBXGroup;
			children = (
				D12384F6171F379A00BE66F3 /* cameron.html */,
				D12384F7171F379A00BE66F3 /* city.html */,
				D12384F8171F379A00BE66F3 /* Copy of server.html */,
				D12384F9171F379A00BE66F3 /* north.html */,
				D12384FA171F379A00BE66F3 /* rules.css */,
				D12384FB171F379A00BE66F3 /* server.html */,
				D12384FC171F379A00BE66F3 /* south.html */,
			);
			path = rules;
			sourceTree = "<group>";
		};
/* End PBXGroup section */

/* Begin PBXProject section */
		D12384BD171F341700BE66F3 /* Project object */ = {
			isa = PBXProject;
			attributes = {
				LastUpgradeCheck = 0460;
			};
			buildConfigurationList = D12384C0171F341700BE66F3 /* Build configuration list for PBXProject "Website" */;
			compatibilityVersion = "Xcode 3.2";
			developmentRegion = English;
			hasScannedForEncodings = 0;
			knownRegions = (
				en,
			);
			mainGroup = D12384BC171F341700BE66F3;
			projectDirPath = "";
			projectRoot = "";
			targets = (
			);
		};
/* End PBXProject section */

/* Begin XCBuildConfiguration section */
		D12384C1171F341700BE66F3 /* Debug */ = {
			isa = XCBuildConfiguration;
			buildSettings = {
			};
			name = Debug;
		};
		D12384C2171F341700BE66F3 /* Release */ = {
			isa = XCBuildConfiguration;
			buildSettings = {
			};
			name = Release;
		};
/* End XCBuildConfiguration section */

/* Begin XCConfigurationList section */
		D12384C0171F341700BE66F3 /* Build configuration list for PBXProject "Website" */ = {
			isa = XCConfigurationList;
			buildConfigurations = (
				D12384C1171F341700BE66F3 /* Debug */,
				D12384C2171F341700BE66F3 /* Release */,
			);
			defaultConfigurationIsVisible = 0;
			defaultConfigurationName = Release;
		};
/* End XCConfigurationList section */
	};
	rootObject = D12384BD171F341700BE66F3 /* Project object */;
}
